{
  "nodes": {
    "nixpkgs": {
      "locked": {
        "lastModified": 1777920889,
        "narHash": "sha256-1d3iUG7tqNlbxdLjShLmMOqkxuYdef9Sa39Tz8WZT4g=",
        "owner": "NixOS",
        "repo": "nixpkgs",
        "rev": "6713d4ccf3c531f18e793f5ccb6b17ec67a43fd9",
        "type": "github"
      },
      "original": {
        "owner": "NixOS",
        "repo": "nixpkgs",
        "type": "github"
      }
    },
    "root": {
      "inputs": {
        "nixpkgs": "nixpkgs"
      }
    }
  },
  "root": "root",
  "version": 7
}
